
Microsoft Visual Studio Solution File, Format Version 12.00
# Visual Studio 15
VisualStudioVersion = 15.0.28010.2026
MinimumVisualStudioVersion = 10.0.40219.1
Project("{FAE04EC0-301F-11D3-BF4B-00C04F79EFBC}") = "Callen", "Callen\Callen.csproj", "{40D40EA9-7E43-4F3E-BDFC-6862030334C0}"
EndProject
Project("{54435603-DBB4-11D2-8724-00A0C9A8B90C}") = "CallenSetup", "CallenSetup\CallenSetup.vdproj", "{C8ADE3B7-8179-4DD6-9F4D-44854F54B254}"
EndProject
Global
	GlobalSection(SolutionConfigurationPlatforms) = preSolution
		Debug|Any CPU = Debug|Any CPU
		Release|Any CPU = Release|Any CPU
	EndGlobalSection
	GlobalSection(ProjectConfigurationPlatforms) = postSolution
		{40D40EA9-7E43-4F3E-BDFC-6862030334C0}.Debug|Any CPU.ActiveCfg = Debug|Any CPU
		{40D40EA9-7E43-4F3E-BDFC-6862030334C0}.Debug|Any CPU.Build.0 = Debug|Any CPU
		{40D40EA9-7E43-4F3E-BDFC-6862030334C0}.Debug|Any CPU.Deploy.0 = Debug|Any CPU
		{40D40EA9-7E43-4F3E-BDFC-6862030334C0}.Release|Any CPU.ActiveCfg = Release|Any CPU
		{40D40EA9-7E43-4F3E-BDFC-6862030334C0}.Release|Any CPU.Build.0 = Release|Any CPU
		{C8ADE3B7-8179-4DD6-9F4D-44854F54B254}.Debug|Any CPU.ActiveCfg = Debug
		{C8ADE3B7-8179-4DD6-9F4D-44854F54B254}.Release|Any CPU.ActiveCfg = Release
	EndGlobalSection
	GlobalSection(SolutionProperties) = preSolution
		HideSolutionNode = FALSE
	EndGlobalSection
	GlobalSection(ExtensibilityGlobals) = postSolution
		SolutionGuid = {7D31D0E9-BD50-4D7E-9FF9-BC8C2C16A8C0}
	EndGlobalSection
EndGlobal
